
Microsoft Visual Studio Solution File, Format Version 12.00
# Visual Studio Version 17
VisualStudioVersion = 17.4.33103.184
MinimumVisualStudioVersion = 10.0.40219.1
Project("{9A19103F-16F7-4668-BE54-9A1E7A4F7556}") = "Repositories", "Repositories\Repositories.csproj", "{BFFF158B-1EAB-4D04-820E-E472BD4E662B}"
EndProject
Project("{9A19103F-16F7-4668-BE54-9A1E7A4F7556}") = "Context_dal", "Context_dal\Context_dal.csproj", "{2F0A2B14-F36C-468F-BF19-CDE73A106C32}"
EndProject
Project("{FAE04EC0-301F-11D3-BF4B-00C04F79EFBC}") = "Services_Bll", "Services_Bll\Services_Bll.csproj", "{E31370A9-1A1B-4A38-A30B-5882491D5D2F}"
EndProject
Project("{FAE04EC0-301F-11D3-BF4B-00C04F79EFBC}") = "WebApi", "WebApi\WebApi.csproj", "{DA6B46D3-9C32-4523-9278-26DBC29D4A2E}"
EndProject
Project("{FAE04EC0-301F-11D3-BF4B-00C04F79EFBC}") = "Common_DTO", "Common_DTO\Common_DTO.csproj", "{83A05F27-749A-4E42-B1A4-EE55EB520D49}"
EndProject
Global
	GlobalSection(SolutionConfigurationPlatforms) = preSolution
		Debug|Any CPU = Debug|Any CPU
		Release|Any CPU = Release|Any CPU
	EndGlobalSection
	GlobalSection(ProjectConfigurationPlatforms) = postSolution
		{BFFF158B-1EAB-4D04-820E-E472BD4E662B}.Debug|Any CPU.ActiveCfg = Debug|Any CPU
		{BFFF158B-1EAB-4D04-820E-E472BD4E662B}.Debug|Any CPU.Build.0 = Debug|Any CPU
		{BFFF158B-1EAB-4D04-820E-E472BD4E662B}.Release|Any CPU.ActiveCfg = Release|Any CPU
		{BFFF158B-1EAB-4D04-820E-E472BD4E662B}.Release|Any CPU.Build.0 = Release|Any CPU
		{2F0A2B14-F36C-468F-BF19-CDE73A106C32}.Debug|Any CPU.ActiveCfg = Debug|Any CPU
		{2F0A2B14-F36C-468F-BF19-CDE73A106C32}.Debug|Any CPU.Build.0 = Debug|Any CPU
		{2F0A2B14-F36C-468F-BF19-CDE73A106C32}.Release|Any CPU.ActiveCfg = Release|Any CPU
		{2F0A2B14-F36C-468F-BF19-CDE73A106C32}.Release|Any CPU.Build.0 = Release|Any CPU
		{E31370A9-1A1B-4A38-A30B-5882491D5D2F}.Debug|Any CPU.ActiveCfg = Debug|Any CPU
		{E31370A9-1A1B-4A38-A30B-5882491D5D2F}.Debug|Any CPU.Build.0 = Debug|Any CPU
		{E31370A9-1A1B-4A38-A30B-5882491D5D2F}.Release|Any CPU.ActiveCfg = Release|Any CPU
		{E31370A9-1A1B-4A38-A30B-5882491D5D2F}.Release|Any CPU.Build.0 = Release|Any CPU
		{DA6B46D3-9C32-4523-9278-26DBC29D4A2E}.Debug|Any CPU.ActiveCfg = Debug|Any CPU
		{DA6B46D3-9C32-4523-9278-26DBC29D4A2E}.Debug|Any CPU.Build.0 = Debug|Any CPU
		{DA6B46D3-9C32-4523-9278-26DBC29D4A2E}.Release|Any CPU.ActiveCfg = Release|Any CPU
		{DA6B46D3-9C32-4523-9278-26DBC29D4A2E}.Release|Any CPU.Build.0 = Release|Any CPU
		{83A05F27-749A-4E42-B1A4-EE55EB520D49}.Debug|Any CPU.ActiveCfg = Debug|Any CPU
		{83A05F27-749A-4E42-B1A4-EE55EB520D49}.Debug|Any CPU.Build.0 = Debug|Any CPU
		{83A05F27-749A-4E42-B1A4-EE55EB520D49}.Release|Any CPU.ActiveCfg = Release|Any CPU
		{83A05F27-749A-4E42-B1A4-EE55EB520D49}.Release|Any CPU.Build.0 = Release|Any CPU
	EndGlobalSection
	GlobalSection(SolutionProperties) = preSolution
		HideSolutionNode = FALSE
	EndGlobalSection
	GlobalSection(ExtensibilityGlobals) = postSolution
		SolutionGuid = {B74974DE-1446-4280-9763-F3229A6349A5}
	EndGlobalSection
EndGlobal
